// !$*UTF8*$!
{
	archiveVersion = 1;
	classes = {
	};
	objectVersion = 56;
	objects = {

/* Begin PBXBuildFile section */
		A29B88F12BA5BB880060A3EF /* AppDelegate.swift in Sources */ = {isa = PBXBuildFile; fileRef = A29B88F02BA5BB880060A3EF /* AppDelegate.swift */; };
		A29B88F32BA5BB880060A3EF /* SceneDelegate.swift in Sources */ = {isa = PBXBuildFile; fileRef = A29B88F22BA5BB880060A3EF /* SceneDelegate.swift */; };
		A29B88F52BA5BB880060A3EF /* MainViewController.swift in Sources */ = {isa = PBXBuildFile; fileRef = A29B88F42BA5BB880060A3EF /* MainViewController.swift */; };
		A29B88F82BA5BB880060A3EF /* Base in Resources */ = {isa = PBXBuildFile; fileRef = A29B88F72BA5BB880060A3EF /* Base */; };
		A29B88FA2BA5BB8D0060A3EF /* Assets.xcassets in Resources */ = {isa = PBXBuildFile; fileRef = A29B88F92BA5BB8D0060A3EF /* Assets.xcassets */; };
		A29B88FD2BA5BB8D0060A3EF /* Base in Resources */ = {isa = PBXBuildFile; fileRef = A29B88FC2BA5BB8D0060A3EF /* Base */; };
		A29B89082BA5BC500060A3EF /* Book.swift in Sources */ = {isa = PBXBuildFile; fileRef = A29B89072BA5BC500060A3EF /* Book.swift */; };
		A2D418A42BA75F85002E6ADC /* CustomCell.swift in Sources */ = {isa = PBXBuildFile; fileRef = A2D418A32BA75F85002E6ADC /* CustomCell.swift */; };
		A2E55D822BAB175600082EE8 /* NetworkManager.swift in Sources */ = {isa = PBXBuildFile; fileRef = A2E55D812BAB175600082EE8 /* NetworkManager.swift */; };
/* End PBXBuildFile section */

/* Begin PBXFileReference section */
		A29B88ED2BA5BB880060A3EF /* Biblioteka.app */ = {isa = PBXFileReference; explicitFileType = wrapper.application; includeInIndex = 0; path = Biblioteka.app; sourceTree = BUILT_PRODUCTS_DIR; };
		A29B88F02BA5BB880060A3EF /* AppDelegate.swift */ = {isa = PBXFileReference; lastKnownFileType = sourcecode.swift; path = AppDelegate.swift; sourceTree = "<group>"; };
		A29B88F22BA5BB880060A3EF /* SceneDelegate.swift */ = {isa = PBXFileReference; lastKnownFileType = sourcecode.swift; path = SceneDelegate.swift; sourceTree = "<group>"; };
		A29B88F42BA5BB880060A3EF /* MainViewController.swift */ = {isa = PBXFileReference; lastKnownFileType = sourcecode.swift; path = MainViewController.swift; sourceTree = "<group>"; };
		A29B88F72BA5BB880060A3EF /* Base */ = {isa = PBXFileReference; lastKnownFileType = file.storyboard; name = Base; path = Base.lproj/Main.storyboard; sourceTree = "<group>"; };
		A29B88F92BA5BB8D0060A3EF /* Assets.xcassets */ = {isa = PBXFileReference; lastKnownFileType = folder.assetcatalog; path = Assets.xcassets; sourceTree = "<group>"; };
		A29B88FC2BA5BB8D0060A3EF /* Base */ = {isa = PBXFileReference; lastKnownFileType = file.storyboard; name = Base; path = Base.lproj/LaunchScreen.storyboard; sourceTree = "<group>"; };
		A29B88FE2BA5BB8D0060A3EF /* Info.plist */ = {isa = PBXFileReference; lastKnownFileType = text.plist.xml; path = Info.plist; sourceTree = "<group>"; };
		A29B89072BA5BC500060A3EF /* Book.swift */ = {isa = PBXFileReference; lastKnownFileType = sourcecode.swift; path = Book.swift; sourceTree = "<group>"; };
		A2D418A32BA75F85002E6ADC /* CustomCell.swift */ = {isa = PBXFileReference; lastKnownFileType = sourcecode.swift; path = CustomCell.swift; sourceTree = "<group>"; };
		A2E55D812BAB175600082EE8 /* NetworkManager.swift */ = {isa = PBXFileReference; lastKnownFileType = sourcecode.swift; path = NetworkManager.swift; sourceTree = "<group>"; };
/* End PBXFileReference section */

/* Begin PBXFrameworksBuildPhase section */
		A29B88EA2BA5BB880060A3EF /* Frameworks */ = {
			isa = PBXFrameworksBuildPhase;
			buildActionMask = 2147483647;
			files = (
			);
			runOnlyForDeploymentPostprocessing = 0;
		};
/* End PBXFrameworksBuildPhase section */

/* Begin PBXGroup section */
		A29B88E42BA5BB880060A3EF = {
			isa = PBXGroup;
			children = (
				A29B88EF2BA5BB880060A3EF /* Biblioteka */,
				A29B88EE2BA5BB880060A3EF /* Products */,
			);
			sourceTree = "<group>";
		};
		A29B88EE2BA5BB880060A3EF /* Products */ = {
			isa = PBXGroup;
			children = (
				A29B88ED2BA5BB880060A3EF /* Biblioteka.app */,
			);
			name = Products;
			sourceTree = "<group>";
		};
		A29B88EF2BA5BB880060A3EF /* Biblioteka */ = {
			isa = PBXGroup;
			children = (
				A29B890C2BA5BE430060A3EF /* Services */,
				A29B89092BA5BC570060A3EF /* Models */,
				A29B89042BA5BBA70060A3EF /* ViewContollers */,
				A29B89052BA5BBBA0060A3EF /* Storyboards */,
				A29B89062BA5BBDA0060A3EF /* App */,
				A29B88F92BA5BB8D0060A3EF /* Assets.xcassets */,
			);
			path = Biblioteka;
			sourceTree = "<group>";
		};
		A29B89042BA5BBA70060A3EF /* ViewContollers */ = {
			isa = PBXGroup;
			children = (
				A29B88F42BA5BB880060A3EF /* MainViewController.swift */,
				A2D418A32BA75F85002E6ADC /* CustomCell.swift */,
			);
			path = ViewContollers;
			sourceTree = "<group>";
		};
		A29B89052BA5BBBA0060A3EF /* Storyboards */ = {
			isa = PBXGroup;
			children = (
				A29B88F62BA5BB880060A3EF /* Main.storyboard */,
				A29B88FB2BA5BB8D0060A3EF /* LaunchScreen.storyboard */,
			);
			path = Storyboards;
			sourceTree = "<group>";
		};
		A29B89062BA5BBDA0060A3EF /* App */ = {
			isa = PBXGroup;
			children = (
				A29B88F02BA5BB880060A3EF /* AppDelegate.swift */,
				A29B88F22BA5BB880060A3EF /* SceneDelegate.swift */,
				A29B88FE2BA5BB8D0060A3EF /* Info.plist */,
			);
			path = App;
			sourceTree = "<group>";
		};
		A29B89092BA5BC570060A3EF /* Models */ = {
			isa = PBXGroup;
			children = (
				A29B89072BA5BC500060A3EF /* Book.swift */,
			);
			path = Models;
			sourceTree = "<group>";
		};
		A29B890C2BA5BE430060A3EF /* Services */ = {
			isa = PBXGroup;
			children = (
				A2E55D812BAB175600082EE8 /* NetworkManager.swift */,
			);
			path = Services;
			sourceTree = "<group>";
		};
/* End PBXGroup section */

/* Begin PBXNativeTarget section */
		A29B88EC2BA5BB880060A3EF /* Biblioteka */ = {
			isa = PBXNativeTarget;
			buildConfigurationList = A29B89012BA5BB8D0060A3EF /* Build configuration list for PBXNativeTarget "Biblioteka" */;
			buildPhases = (
				A29B88E92BA5BB880060A3EF /* Sources */,
				A29B88EA2BA5BB880060A3EF /* Frameworks */,
				A29B88EB2BA5BB880060A3EF /* Resources */,
			);
			buildRules = (
			);
			dependencies = (
			);
			name = Biblioteka;
			productName = HW32;
			productReference = A29B88ED2BA5BB880060A3EF /* Biblioteka.app */;
			productType = "com.apple.product-type.application";
		};
/* End PBXNativeTarget section */

/* Begin PBXProject section */
		A29B88E52BA5BB880060A3EF /* Project object */ = {
			isa = PBXProject;
			attributes = {
				BuildIndependentTargetsInParallel = 1;
				LastSwiftUpdateCheck = 1530;
				LastUpgradeCheck = 1530;
				TargetAttributes = {
					A29B88EC2BA5BB880060A3EF = {
						CreatedOnToolsVersion = 15.3;
					};
				};
			};
			buildConfigurationList = A29B88E82BA5BB880060A3EF /* Build configuration list for PBXProject "Biblioteka" */;
			compatibilityVersion = "Xcode 14.0";
			developmentRegion = en;
			hasScannedForEncodings = 0;
			knownRegions = (
				en,
				Base,
			);
			mainGroup = A29B88E42BA5BB880060A3EF;
			productRefGroup = A29B88EE2BA5BB880060A3EF /* Products */;
			projectDirPath = "";
			projectRoot = "";
			targets = (
				A29B88EC2BA5BB880060A3EF /* Biblioteka */,
			);
		};
/* End PBXProject section */

/* Begin PBXResourcesBuildPhase section */
		A29B88EB2BA5BB880060A3EF /* Resources */ = {
			isa = PBXResourcesBuildPhase;
			buildActionMask = 2147483647;
			files = (
				A29B88FA2BA5BB8D0060A3EF /* Assets.xcassets in Resources */,
				A29B88FD2BA5BB8D0060A3EF /* Base in Resources */,
				A29B88F82BA5BB880060A3EF /* Base in Resources */,
			);
			runOnlyForDeploymentPostprocessing = 0;
		};
/* End PBXResourcesBuildPhase section */

/* Begin PBXSourcesBuildPhase section */
		A29B88E92BA5BB880060A3EF /* Sources */ = {
			isa = PBXSourcesBuildPhase;
			buildActionMask = 2147483647;
			files = (
				A29B89082BA5BC500060A3EF /* Book.swift in Sources */,
				A29B88F52BA5BB880060A3EF /* MainViewController.swift in Sources */,
				A29B88F12BA5BB880060A3EF /* AppDelegate.swift in Sources */,
				A2E55D822BAB175600082EE8 /* NetworkManager.swift in Sources */,
				A2D418A42BA75F85002E6ADC /* CustomCell.swift in Sources */,
				A29B88F32BA5BB880060A3EF /* SceneDelegate.swift in Sources */,
			);
			runOnlyForDeploymentPostprocessing = 0;
		};
/* End PBXSourcesBuildPhase section */

/* Begin PBXVariantGroup section */
		A29B88F62BA5BB880060A3EF /* Main.storyboard */ = {
			isa = PBXVariantGroup;
			children = (
				A29B88F72BA5BB880060A3EF /* Base */,
			);
			name = Main.storyboard;
			sourceTree = "<group>";
		};
		A29B88FB2BA5BB8D0060A3EF /* LaunchScreen.storyboard */ = {
			isa = PBXVariantGroup;
			children = (
				A29B88FC2BA5BB8D0060A3EF /* Base */,
			);
			name = LaunchScreen.storyboard;
			sourceTree = "<group>";
		};
/* End PBXVariantGroup section */

/* Begin XCBuildConfiguration section */
		A29B88FF2BA5BB8D0060A3EF /* Debug */ = {
			isa = XCBuildConfiguration;
			buildSettings = {
				ALWAYS_SEARCH_USER_PATHS = NO;
				ASSETCATALOG_COMPILER_GENERATE_SWIFT_ASSET_SYMBOL_EXTENSIONS = YES;
				CLANG_ANALYZER_NONNULL = YES;
				CLANG_ANALYZER_NUMBER_OBJECT_CONVERSION = YES_AGGRESSIVE;
				CLANG_CXX_LANGUAGE_STANDARD = "gnu++20";
				CLANG_ENABLE_MODULES = YES;
				CLANG_ENABLE_OBJC_ARC = YES;
				CLANG_ENABLE_OBJC_WEAK = YES;
				CLANG_WARN_BLOCK_CAPTURE_AUTORELEASING = YES;
				CLANG_WARN_BOOL_CONVERSION = YES;
				CLANG_WARN_COMMA = YES;
				CLANG_WARN_CONSTANT_CONVERSION = YES;
				CLANG_WARN_DEPRECATED_OBJC_IMPLEMENTATIONS = YES;
				CLANG_WARN_DIRECT_OBJC_ISA_USAGE = YES_ERROR;
				CLANG_WARN_DOCUMENTATION_COMMENTS = YES;
				CLANG_WARN_EMPTY_BODY = YES;
				CLANG_WARN_ENUM_CONVERSION = YES;
				CLANG_WARN_INFINITE_RECURSION = YES;
				CLANG_WARN_INT_CONVERSION = YES;
				CLANG_WARN_NON_LITERAL_NULL_CONVERSION = YES;
				CLANG_WARN_OBJC_IMPLICIT_RETAIN_SELF = YES;
				CLANG_WARN_OBJC_LITERAL_CONVERSION = YES;
				CLANG_WARN_OBJC_ROOT_CLASS = YES_ERROR;
				CLANG_WARN_QUOTED_INCLUDE_IN_FRAMEWORK_HEADER = YES;
				CLANG_WARN_RANGE_LOOP_ANALYSIS = YES;
				CLANG_WARN_STRICT_PROTOTYPES = YES;
				CLANG_WARN_SUSPICIOUS_MOVE = YES;
				CLANG_WARN_UNGUARDED_AVAILABILITY = YES_AGGRESSIVE;
				CLANG_WARN_UNREACHABLE_CODE = YES;
				CLANG_WARN__DUPLICATE_METHOD_MATCH = YES;
				COPY_PHASE_STRIP = NO;
				DEBUG_INFORMATION_FORMAT = dwarf;
				ENABLE_STRICT_OBJC_MSGSEND = YES;
				ENABLE_TESTABILITY = YES;
				ENABLE_USER_SCRIPT_SANDBOXING = YES;
				GCC_C_LANGUAGE_STANDARD = gnu17;
				GCC_DYNAMIC_NO_PIC = NO;
				GCC_NO_COMMON_BLOCKS = YES;
				GCC_OPTIMIZATION_LEVEL = 0;
				GCC_PREPROCESSOR_DEFINITIONS = (
					"DEBUG=1",
					"$(inherited)",
				);
				GCC_WARN_64_TO_32_BIT_CONVERSION = YES;
				GCC_WARN_ABOUT_RETURN_TYPE = YES_ERROR;
				GCC_WARN_UNDECLARED_SELECTOR = YES;
				GCC_WARN_UNINITIALIZED_AUTOS = YES_AGGRESSIVE;
				GCC_WARN_UNUSED_FUNCTION = YES;
				GCC_WARN_UNUSED_VARIABLE = YES;
				IPHONEOS_DEPLOYMENT_TARGET = 17.4;
				LOCALIZATION_PREFERS_STRING_CATALOGS = YES;
				MTL_ENABLE_DEBUG_INFO = INCLUDE_SOURCE;
				MTL_FAST_MATH = YES;
				ONLY_ACTIVE_ARCH = YES;
				SDKROOT = iphoneos;
				SWIFT_ACTIVE_COMPILATION_CONDITIONS = "DEBUG $(inherited)";
				SWIFT_OPTIMIZATION_LEVEL = "-Onone";
			};
			name = Debug;
		};
		A29B89002BA5BB8D0060A3EF /* Release */ = {
			isa = XCBuildConfiguration;
			buildSettings = {
				ALWAYS_SEARCH_USER_PATHS = NO;
				ASSETCATALOG_COMPILER_GENERATE_SWIFT_ASSET_SYMBOL_EXTENSIONS = YES;
				CLANG_ANALYZER_NONNULL = YES;
				CLANG_ANALYZER_NUMBER_OBJECT_CONVERSION = YES_AGGRESSIVE;
				CLANG_CXX_LANGUAGE_STANDARD = "gnu++20";
				CLANG_ENABLE_MODULES = YES;
				CLANG_ENABLE_OBJC_ARC = YES;
				CLANG_ENABLE_OBJC_WEAK = YES;
				CLANG_WARN_BLOCK_CAPTURE_AUTORELEASING = YES;
				CLANG_WARN_BOOL_CONVERSION = YES;
				CLANG_WARN_COMMA = YES;
				CLANG_WARN_CONSTANT_CONVERSION = YES;
				CLANG_WARN_DEPRECATED_OBJC_IMPLEMENTATIONS = YES;
				CLANG_WARN_DIRECT_OBJC_ISA_USAGE = YES_ERROR;
				CLANG_WARN_DOCUMENTATION_COMMENTS = YES;
				CLANG_WARN_EMPTY_BODY = YES;
				CLANG_WARN_ENUM_CONVERSION = YES;
				CLANG_WARN_INFINITE_RECURSION = YES;
				CLANG_WARN_INT_CONVERSION = YES;
				CLANG_WARN_NON_LITERAL_NULL_CONVERSION = YES;
				CLANG_WARN_OBJC_IMPLICIT_RETAIN_SELF = YES;
				CLANG_WARN_OBJC_LITERAL_CONVERSION = YES;
				CLANG_WARN_OBJC_ROOT_CLASS = YES_ERROR;
				CLANG_WARN_QUOTED_INCLUDE_IN_FRAMEWORK_HEADER = YES;
				CLANG_WARN_RANGE_LOOP_ANALYSIS = YES;
				CLANG_WARN_STRICT_PROTOTYPES = YES;
				CLANG_WARN_SUSPICIOUS_MOVE = YES;
				CLANG_WARN_UNGUARDED_AVAILABILITY = YES_AGGRESSIVE;
				CLANG_WARN_UNREACHABLE_CODE = YES;
				CLANG_WARN__DUPLICATE_METHOD_MATCH = YES;
				COPY_PHASE_STRIP = NO;
				DEBUG_INFORMATION_FORMAT = "dwarf-with-dsym";
				ENABLE_NS_ASSERTIONS = NO;
				ENABLE_STRICT_OBJC_MSGSEND = YES;
				ENABLE_USER_SCRIPT_SANDBOXING = YES;
				GCC_C_LANGUAGE_STANDARD = gnu17;
				GCC_NO_COMMON_BLOCKS = YES;
				GCC_WARN_64_TO_32_BIT_CONVERSION = YES;
				GCC_WARN_ABOUT_RETURN_TYPE = YES_ERROR;
				GCC_WARN_UNDECLARED_SELECTOR = YES;
				GCC_WARN_UNINITIALIZED_AUTOS = YES_AGGRESSIVE;
				GCC_WARN_UNUSED_FUNCTION = YES;
				GCC_WARN_UNUSED_VARIABLE = YES;
				IPHONEOS_DEPLOYMENT_TARGET = 17.4;
				LOCALIZATION_PREFERS_STRING_CATALOGS = YES;
				MTL_ENABLE_DEBUG_INFO = NO;
				MTL_FAST_MATH = YES;
				SDKROOT = iphoneos;
				SWIFT_COMPILATION_MODE = wholemodule;
				VALIDATE_PRODUCT = YES;
			};
			name = Release;
		};
		A29B89022BA5BB8D0060A3EF /* Debug */ = {
			isa = XCBuildConfiguration;
			buildSettings = {
				ASSETCATALOG_COMPILER_APPICON_NAME = AppIcon;
				ASSETCATALOG_COMPILER_GLOBAL_ACCENT_COLOR_NAME = AccentColor;
				CODE_SIGN_STYLE = Automatic;
				CURRENT_PROJECT_VERSION = 1;
				DEVELOPMENT_TEAM = 5L2MC4PZSS;
				GENERATE_INFOPLIST_FILE = YES;
				INFOPLIST_FILE = Biblioteka/App/Info.plist;
				INFOPLIST_KEY_UIApplicationSupportsIndirectInputEvents = YES;
				INFOPLIST_KEY_UILaunchStoryboardName = LaunchScreen;
				INFOPLIST_KEY_UIMainStoryboardFile = Main;
				INFOPLIST_KEY_UISupportedInterfaceOrientations = UIInterfaceOrientationPortrait;
				INFOPLIST_KEY_UISupportedInterfaceOrientations_iPad = "UIInterfaceOrientationLandscapeLeft UIInterfaceOrientationLandscapeRight UIInterfaceOrientationPortrait UIInterfaceOrientationPortraitUpsideDown";
				LD_RUNPATH_SEARCH_PATHS = (
					"$(inherited)",
					"@executable_path/Frameworks",
				);
				MARKETING_VERSION = 1.0;
				PRODUCT_BUNDLE_IDENTIFIER = com.33.HW32;
				PRODUCT_NAME = "$(TARGET_NAME)";
				SUPPORTED_PLATFORMS = "iphoneos iphonesimulator";
				SUPPORTS_MACCATALYST = NO;
				SUPPORTS_MAC_DESIGNED_FOR_IPHONE_IPAD = NO;
				SUPPORTS_XR_DESIGNED_FOR_IPHONE_IPAD = NO;
				SWIFT_EMIT_LOC_STRINGS = YES;
				SWIFT_VERSION = 5.0;
				TARGETED_DEVICE_FAMILY = 1;
			};
			name = Debug;
		};
		A29B89032BA5BB8D0060A3EF /* Release */ = {
			isa = XCBuildConfiguration;
			buildSettings = {
				ASSETCATALOG_COMPILER_APPICON_NAME = AppIcon;
				ASSETCATALOG_COMPILER_GLOBAL_ACCENT_COLOR_NAME = AccentColor;
				CODE_SIGN_STYLE = Automatic;
				CURRENT_PROJECT_VERSION = 1;
				DEVELOPMENT_TEAM = 5L2MC4PZSS;
				GENERATE_INFOPLIST_FILE = YES;
				INFOPLIST_FILE = Biblioteka/App/Info.plist;
				INFOPLIST_KEY_UIApplicationSupportsIndirectInputEvents = YES;
				INFOPLIST_KEY_UILaunchStoryboardName = LaunchScreen;
				INFOPLIST_KEY_UIMainStoryboardFile = Main;
				INFOPLIST_KEY_UISupportedInterfaceOrientations = UIInterfaceOrientationPortrait;
				INFOPLIST_KEY_UISupportedInterfaceOrientations_iPad = "UIInterfaceOrientationLandscapeLeft UIInterfaceOrientationLandscapeRight UIInterfaceOrientationPortrait UIInterfaceOrientationPortraitUpsideDown";
				LD_RUNPATH_SEARCH_PATHS = (
					"$(inherited)",
					"@executable_path/Frameworks",
				);
				MARKETING_VERSION = 1.0;
				PRODUCT_BUNDLE_IDENTIFIER = com.33.HW32;
				PRODUCT_NAME = "$(TARGET_NAME)";
				SUPPORTED_PLATFORMS = "iphoneos iphonesimulator";
				SUPPORTS_MACCATALYST = NO;
				SUPPORTS_MAC_DESIGNED_FOR_IPHONE_IPAD = NO;
				SUPPORTS_XR_DESIGNED_FOR_IPHONE_IPAD = NO;
				SWIFT_EMIT_LOC_STRINGS = YES;
				SWIFT_VERSION = 5.0;
				TARGETED_DEVICE_FAMILY = 1;
			};
			name = Release;
		};
/* End XCBuildConfiguration section */

/* Begin XCConfigurationList section */
		A29B88E82BA5BB880060A3EF /* Build configuration list for PBXProject "Biblioteka" */ = {
			isa = XCConfigurationList;
			buildConfigurations = (
				A29B88FF2BA5BB8D0060A3EF /* Debug */,
				A29B89002BA5BB8D0060A3EF /* Release */,
			);
			defaultConfigurationIsVisible = 0;
			defaultConfigurationName = Release;
		};
		A29B89012BA5BB8D0060A3EF /* Build configuration list for PBXNativeTarget "Biblioteka" */ = {
			isa = XCConfigurationList;
			buildConfigurations = (
				A29B89022BA5BB8D0060A3EF /* Debug */,
				A29B89032BA5BB8D0060A3EF /* Release */,
			);
			defaultConfigurationIsVisible = 0;
			defaultConfigurationName = Release;
		};
/* End XCConfigurationList section */
	};
	rootObject = A29B88E52BA5BB880060A3EF /* Project object */;
}
